// !$*UTF8*$!
{
	archiveVersion = 1;
	classes = {
	};
	objectVersion = 46;
	objects = {

/* Begin PBXBuildFile section */
		1A1CF1531447485B00741AE2 /* Cocoa.framework in Frameworks */ = {isa = PBXBuildFile; fileRef = 1A1CF1521447485B00741AE2 /* Cocoa.framework */; };
		1A1CF15D1447485B00741AE2 /* InfoPlist.strings in Resources */ = {isa = PBXBuildFile; fileRef = 1A1CF15B1447485B00741AE2 /* InfoPlist.strings */; };
		1A1CF15F1447485B00741AE2 /* main.m in Sources */ = {isa = PBXBuildFile; fileRef = 1A1CF15E1447485B00741AE2 /* main.m */; };
		1A1CF1631447485B00741AE2 /* Credits.rtf in Resources */ = {isa = PBXBuildFile; fileRef = 1A1CF1611447485B00741AE2 /* Credits.rtf */; };
		1A1CF1661447485B00741AE2 /* CBAppDelegate.m in Sources */ = {isa = PBXBuildFile; fileRef = 1A1CF1651447485B00741AE2 /* CBAppDelegate.m */; };
		1A1CF1691447485C00741AE2 /* MainMenu.xib in Resources */ = {isa = PBXBuildFile; fileRef = 1A1CF1671447485C00741AE2 /* MainMenu.xib */; };
/* End PBXBuildFile section */

/* Begin PBXFileReference section */
		1A1CF14E1447485B00741AE2 /* CBEditableImageViewExample.app */ = {isa = PBXFileReference; explicitFileType = wrapper.application; includeInIndex = 0; path = CBEditableImageViewExample.app; sourceTree = BUILT_PRODUCTS_DIR; };
		1A1CF1521447485B00741AE2 /* Cocoa.framework */ = {isa = PBXFileReference; lastKnownFileType = wrapper.framework; name = Cocoa.framework; path = System/Library/Frameworks/Cocoa.framework; sourceTree = SDKROOT; };
		1A1CF1551447485B00741AE2 /* AppKit.framework */ = {isa = PBXFileReference; lastKnownFileType = wrapper.framework; name = AppKit.framework; path = System/Library/Frameworks/AppKit.framework; sourceTree = SDKROOT; };
		1A1CF1561447485B00741AE2 /* CoreData.framework */ = {isa = PBXFileReference; lastKnownFileType = wrapper.framework; name = CoreData.framework; path = System/Library/Frameworks/CoreData.framework; sourceTree = SDKROOT; };
		1A1CF1571447485B00741AE2 /* Foundation.framework */ = {isa = PBXFileReference; lastKnownFileType = wrapper.framework; name = Foundation.framework; path = System/Library/Frameworks/Foundation.framework; sourceTree = SDKROOT; };
		1A1CF15A1447485B00741AE2 /* CBEditableImageViewExample-Info.plist */ = {isa = PBXFileReference; path = "CBEditableImageViewExample-Info.plist"; sourceTree = "<group>"; };
		1A1CF15C1447485B00741AE2 /* en */ = {isa = PBXFileReference; lastKnownFileType = text.plist.strings; name = en; path = en.lproj/InfoPlist.strings; sourceTree = "<group>"; };
		1A1CF15E1447485B00741AE2 /* main.m */ = {isa = PBXFileReference; lastKnownFileType = sourcecode.c.objc; path = main.m; sourceTree = "<group>"; };
		1A1CF1601447485B00741AE2 /* CBEditableImageViewExample-Prefix.pch */ = {isa = PBXFileReference; path = "CBEditableImageViewExample-Prefix.pch"; sourceTree = "<group>"; };
		1A1CF1621447485B00741AE2 /* en */ = {isa = PBXFileReference; lastKnownFileType = text.rtf; name = en; path = en.lproj/Credits.rtf; sourceTree = "<group>"; };
		1A1CF1641447485B00741AE2 /* CBAppDelegate.h */ = {isa = PBXFileReference; path = CBAppDelegate.h; sourceTree = "<group>"; };
		1A1CF1651447485B00741AE2 /* CBAppDelegate.m */ = {isa = PBXFileReference; lastKnownFileType = sourcecode.c.objc; path = CBAppDelegate.m; sourceTree = "<group>"; };
		1A1CF1681447485C00741AE2 /* en */ = {isa = PBXFileReference; lastKnownFileType = file.xib; name = en; path = en.lproj/MainMenu.xib; sourceTree = "<group>"; };
/* End PBXFileReference section */

/* Begin PBXFrameworksBuildPhase section */
		1A1CF14B1447485B00741AE2 /* Frameworks */ = {
			isa = PBXFrameworksBuildPhase;
			buildActionMask = 2147483647;
			files = (
				1A1CF1531447485B00741AE2 /* Cocoa.framework in Frameworks */,
			);
			runOnlyForDeploymentPostprocessing = 0;
		};
/* End PBXFrameworksBuildPhase section */

/* Begin PBXGroup section */
		1A1CF1431447485B00741AE2 = {
			isa = PBXGroup;
			children = (
				1A1CF1581447485B00741AE2 /* CBEditableImageViewExample */,
				1A1CF1511447485B00741AE2 /* Frameworks */,
				1A1CF14F1447485B00741AE2 /* Products */,
			);
			sourceTree = "<group>";
		};
		1A1CF14F1447485B00741AE2 /* Products */ = {
			isa = PBXGroup;
			children = (
				1A1CF14E1447485B00741AE2 /* CBEditableImageViewExample.app */,
			);
			name = Products;
			sourceTree = "<group>";
		};
		1A1CF1511447485B00741AE2 /* Frameworks */ = {
			isa = PBXGroup;
			children = (
				1A1CF1521447485B00741AE2 /* Cocoa.framework */,
				1A1CF1541447485B00741AE2 /* Other Frameworks */,
			);
			name = Frameworks;
			sourceTree = "<group>";
		};
		1A1CF1541447485B00741AE2 /* Other Frameworks */ = {
			isa = PBXGroup;
			children = (
				1A1CF1551447485B00741AE2 /* AppKit.framework */,
				1A1CF1561447485B00741AE2 /* CoreData.framework */,
				1A1CF1571447485B00741AE2 /* Foundation.framework */,
			);
			name = "Other Frameworks";
			sourceTree = "<group>";
		};
		1A1CF1581447485B00741AE2 /* CBEditableImageViewExample */ = {
			isa = PBXGroup;
			children = (
				1A1CF1641447485B00741AE2 /* CBAppDelegate.h */,
				1A1CF1651447485B00741AE2 /* CBAppDelegate.m */,
				1A1CF1671447485C00741AE2 /* MainMenu.xib */,
				1A1CF1591447485B00741AE2 /* Supporting Files */,
			);
			path = CBEditableImageViewExample;
			sourceTree = "<group>";
		};
		1A1CF1591447485B00741AE2 /* Supporting Files */ = {
			isa = PBXGroup;
			children = (
				1A1CF15A1447485B00741AE2 /* CBEditableImageViewExample-Info.plist */,
				1A1CF15B1447485B00741AE2 /* InfoPlist.strings */,
				1A1CF15E1447485B00741AE2 /* main.m */,
				1A1CF1601447485B00741AE2 /* CBEditableImageViewExample-Prefix.pch */,
				1A1CF1611447485B00741AE2 /* Credits.rtf */,
			);
			name = "Supporting Files";
			sourceTree = "<group>";
		};
/* End PBXGroup section */

/* Begin PBXNativeTarget section */
		1A1CF14D1447485B00741AE2 /* CBEditableImageViewExample */ = {
			isa = PBXNativeTarget;
			buildConfigurationList = 1A1CF16C1447485C00741AE2 /* Build configuration list for PBXNativeTarget "CBEditableImageViewExample" */;
			buildPhases = (
				1A1CF14A1447485B00741AE2 /* Sources */,
				1A1CF14B1447485B00741AE2 /* Frameworks */,
				1A1CF14C1447485B00741AE2 /* Resources */,
			);
			buildRules = (
			);
			dependencies = (
			);
			name = CBEditableImageViewExample;
			productName = CBEditableImageViewExample;
			productReference = 1A1CF14E1447485B00741AE2 /* CBEditableImageViewExample.app */;
			productType = "com.apple.product-type.application";
		};
/* End PBXNativeTarget section */

/* Begin PBXProject section */
		1A1CF1451447485B00741AE2 /* Project object */ = {
			isa = PBXProject;
			attributes = {
				LastUpgradeCheck = 0420;
				ORGANIZATIONNAME = "Clickable Bliss";
			};
			buildConfigurationList = 1A1CF1481447485B00741AE2 /* Build configuration list for PBXProject "CBEditableImageViewExample" */;
			compatibilityVersion = "Xcode 3.2";
			developmentRegion = English;
			hasScannedForEncodings = 0;
			knownRegions = (
				en,
			);
			mainGroup = 1A1CF1431447485B00741AE2;
			productRefGroup = 1A1CF14F1447485B00741AE2 /* Products */;
			projectDirPath = "";
			projectRoot = "";
			targets = (
				1A1CF14D1447485B00741AE2 /* CBEditableImageViewExample */,
			);
		};
/* End PBXProject section */

/* Begin PBXResourcesBuildPhase section */
		1A1CF14C1447485B00741AE2 /* Resources */ = {
			isa = PBXResourcesBuildPhase;
			buildActionMask = 2147483647;
			files = (
				1A1CF15D1447485B00741AE2 /* InfoPlist.strings in Resources */,
				1A1CF1631447485B00741AE2 /* Credits.rtf in Resources */,
				1A1CF1691447485C00741AE2 /* MainMenu.xib in Resources */,
			);
			runOnlyForDeploymentPostprocessing = 0;
		};
/* End PBXResourcesBuildPhase section */

/* Begin PBXSourcesBuildPhase section */
		1A1CF14A1447485B00741AE2 /* Sources */ = {
			isa = PBXSourcesBuildPhase;
			buildActionMask = 2147483647;
			files = (
				1A1CF15F1447485B00741AE2 /* main.m in Sources */,
				1A1CF1661447485B00741AE2 /* CBAppDelegate.m in Sources */,
			);
			runOnlyForDeploymentPostprocessing = 0;
		};
/* End PBXSourcesBuildPhase section */

/* Begin PBXVariantGroup section */
		1A1CF15B1447485B00741AE2 /* InfoPlist.strings */ = {
			isa = PBXVariantGroup;
			children = (
				1A1CF15C1447485B00741AE2 /* en */,
			);
			name = InfoPlist.strings;
			sourceTree = "<group>";
		};
		1A1CF1611447485B00741AE2 /* Credits.rtf */ = {
			isa = PBXVariantGroup;
			children = (
				1A1CF1621447485B00741AE2 /* en */,
			);
			name = Credits.rtf;
			sourceTree = "<group>";
		};
		1A1CF1671447485C00741AE2 /* MainMenu.xib */ = {
			isa = PBXVariantGroup;
			children = (
				1A1CF1681447485C00741AE2 /* en */,
			);
			name = MainMenu.xib;
			sourceTree = "<group>";
		};
/* End PBXVariantGroup section */

/* Begin XCBuildConfiguration section */
		1A1CF16A1447485C00741AE2 /* Debug */ = {
			isa = XCBuildConfiguration;
			buildSettings = {
				ALWAYS_SEARCH_USER_PATHS = NO;
				ARCHS = "$(ARCHS_STANDARD_64_BIT)";
				COPY_PHASE_STRIP = NO;
				GCC_C_LANGUAGE_STANDARD = gnu99;
				GCC_DYNAMIC_NO_PIC = NO;
				GCC_ENABLE_OBJC_EXCEPTIONS = YES;
				GCC_OPTIMIZATION_LEVEL = 0;
				GCC_PREPROCESSOR_DEFINITIONS = (
					"DEBUG=1",
					"$(inherited)",
				);
				GCC_SYMBOLS_PRIVATE_EXTERN = NO;
				GCC_VERSION = com.apple.compilers.llvm.clang.1_0;
				GCC_WARN_64_TO_32_BIT_CONVERSION = YES;
				GCC_WARN_ABOUT_MISSING_PROTOTYPES = YES;
				GCC_WARN_ABOUT_RETURN_TYPE = YES;
				GCC_WARN_UNUSED_VARIABLE = YES;
				MACOSX_DEPLOYMENT_TARGET = 10.7;
				ONLY_ACTIVE_ARCH = YES;
				SDKROOT = macosx;
			};
			name = Debug;
		};
		1A1CF16B1447485C00741AE2 /* Release */ = {
			isa = XCBuildConfiguration;
			buildSettings = {
				ALWAYS_SEARCH_USER_PATHS = NO;
				ARCHS = "$(ARCHS_STANDARD_64_BIT)";
				COPY_PHASE_STRIP = YES;
				DEBUG_INFORMATION_FORMAT = "dwarf-with-dsym";
				GCC_C_LANGUAGE_STANDARD = gnu99;
				GCC_ENABLE_OBJC_EXCEPTIONS = YES;
				GCC_VERSION = com.apple.compilers.llvm.clang.1_0;
				GCC_WARN_64_TO_32_BIT_CONVERSION = YES;
				GCC_WARN_ABOUT_MISSING_PROTOTYPES = YES;
				GCC_WARN_ABOUT_RETURN_TYPE = YES;
				GCC_WARN_UNUSED_VARIABLE = YES;
				MACOSX_DEPLOYMENT_TARGET = 10.7;
				SDKROOT = macosx;
			};
			name = Release;
		};
		1A1CF16D1447485C00741AE2 /* Debug */ = {
			isa = XCBuildConfiguration;
			buildSettings = {
				GCC_PRECOMPILE_PREFIX_HEADER = YES;
				GCC_PREFIX_HEADER = "CBEditableImageViewExample/CBEditableImageViewExample-Prefix.pch";
				INFOPLIST_FILE = "CBEditableImageViewExample/CBEditableImageViewExample-Info.plist";
				PRODUCT_NAME = "$(TARGET_NAME)";
				WRAPPER_EXTENSION = app;
			};
			name = Debug;
		};
		1A1CF16E1447485C00741AE2 /* Release */ = {
			isa = XCBuildConfiguration;
			buildSettings = {
				GCC_PRECOMPILE_PREFIX_HEADER = YES;
				GCC_PREFIX_HEADER = "CBEditableImageViewExample/CBEditableImageViewExample-Prefix.pch";
				INFOPLIST_FILE = "CBEditableImageViewExample/CBEditableImageViewExample-Info.plist";
				PRODUCT_NAME = "$(TARGET_NAME)";
				WRAPPER_EXTENSION = app;
			};
			name = Release;
		};
/* End XCBuildConfiguration section */

/* Begin XCConfigurationList section */
		1A1CF1481447485B00741AE2 /* Build configuration list for PBXProject "CBEditableImageViewExample" */ = {
			isa = XCConfigurationList;
			buildConfigurations = (
				1A1CF16A1447485C00741AE2 /* Debug */,
				1A1CF16B1447485C00741AE2 /* Release */,
			);
			defaultConfigurationIsVisible = 0;
			defaultConfigurationName = Release;
		};
		1A1CF16C1447485C00741AE2 /* Build configuration list for PBXNativeTarget "CBEditableImageViewExample" */ = {
			isa = XCConfigurationList;
			buildConfigurations = (
				1A1CF16D1447485C00741AE2 /* Debug */,
				1A1CF16E1447485C00741AE2 /* Release */,
			);
			defaultConfigurationIsVisible = 0;
		};
/* End XCConfigurationList section */
	};
	rootObject = 1A1CF1451447485B00741AE2 /* Project object */;
}
